// !$*UTF8*$!
{
	archiveVersion = 1;
	classes = {
	};
	objectVersion = 50;
	objects = {

/* Begin PBXBuildFile section */
		3628342527BA502900CFF222 /* Fingerprint.swift in Sources */ = {isa = PBXBuildFile; fileRef = 3628342427BA502900CFF222 /* Fingerprint.swift */; };
		362A1F2C284DB133004E4E42 /* FingerprintUnitTests.swift in Sources */ = {isa = PBXBuildFile; fileRef = 362A1F2B284DB133004E4E42 /* FingerprintUnitTests.swift */; };
		362A1F2D284DB133004E4E42 /* ArkoseLabsKit.framework in Frameworks */ = {isa = PBXBuildFile; fileRef = 367F852826F3846200009ED8 /* ArkoseLabsKit.framework */; };
		3635025C2923CFE000A96002 /* ChallengeDelegateProtocols.swift in Sources */ = {isa = PBXBuildFile; fileRef = 3635023A2923CFE000A96002 /* ChallengeDelegateProtocols.swift */; };
		3635025D2923CFE000A96002 /* ECConstants.swift in Sources */ = {isa = PBXBuildFile; fileRef = 3635023C2923CFE000A96002 /* ECConstants.swift */; };
		3635025E2923CFE000A96002 /* ArkoseLabsAPI.html in Resources */ = {isa = PBXBuildFile; fileRef = 3635023D2923CFE000A96002 /* ArkoseLabsAPI.html */; };
		3635025F2923CFE000A96002 /* ChallengeView.swift in Sources */ = {isa = PBXBuildFile; fileRef = 3635023E2923CFE000A96002 /* ChallengeView.swift */; };
		363502602923CFE000A96002 /* TextFieldCell.swift in Sources */ = {isa = PBXBuildFile; fileRef = 363502402923CFE000A96002 /* TextFieldCell.swift */; };
		363502612923CFE000A96002 /* TextFieldsViewController.swift in Sources */ = {isa = PBXBuildFile; fileRef = 363502412923CFE000A96002 /* TextFieldsViewController.swift */; };
		363502622923CFE000A96002 /* TextFieldCell.xib in Resources */ = {isa = PBXBuildFile; fileRef = 363502422923CFE000A96002 /* TextFieldCell.xib */; };
		363502632923CFE000A96002 /* UIView+Accessibility.swift in Sources */ = {isa = PBXBuildFile; fileRef = 363502442923CFE000A96002 /* UIView+Accessibility.swift */; };
		363502642923CFE000A96002 /* Bundle+Convenience.swift in Sources */ = {isa = PBXBuildFile; fileRef = 363502452923CFE000A96002 /* Bundle+Convenience.swift */; };
		363502652923CFE000A96002 /* UIViewController+Layout.swift in Sources */ = {isa = PBXBuildFile; fileRef = 363502462923CFE000A96002 /* UIViewController+Layout.swift */; };
		363502662923CFE000A96002 /* NSLayoutConstraint+Priority.swift in Sources */ = {isa = PBXBuildFile; fileRef = 363502472923CFE000A96002 /* NSLayoutConstraint+Priority.swift */; };
		363502672923CFE000A96002 /* UIViewController+Extension.swift in Sources */ = {isa = PBXBuildFile; fileRef = 363502482923CFE000A96002 /* UIViewController+Extension.swift */; };
		363502682923CFE000A96002 /* ChallengeViewAction.swift in Sources */ = {isa = PBXBuildFile; fileRef = 3635024A2923CFE000A96002 /* ChallengeViewAction.swift */; };
		363502692923CFE000A96002 /* ChallengeViewActionCell.xib in Resources */ = {isa = PBXBuildFile; fileRef = 3635024B2923CFE000A96002 /* ChallengeViewActionCell.xib */; };
		3635026A2923CFE000A96002 /* ChallengeViewActionCell.swift in Sources */ = {isa = PBXBuildFile; fileRef = 3635024C2923CFE000A96002 /* ChallengeViewActionCell.swift */; };
		3635026B2923CFE000A96002 /* ChallengeWebView.swift in Sources */ = {isa = PBXBuildFile; fileRef = 3635024D2923CFE000A96002 /* ChallengeWebView.swift */; };
		3635026C2923CFE000A96002 /* ChallengeViewController.swift in Sources */ = {isa = PBXBuildFile; fileRef = 3635024E2923CFE000A96002 /* ChallengeViewController.swift */; };
		3635026D2923CFE000A96002 /* ChallengeSheetView.swift in Sources */ = {isa = PBXBuildFile; fileRef = 3635024F2923CFE000A96002 /* ChallengeSheetView.swift */; };
		3635026E2923CFE000A96002 /* ChallengeViewVisualStyle.swift in Sources */ = {isa = PBXBuildFile; fileRef = 363502512923CFE000A96002 /* ChallengeViewVisualStyle.swift */; };
		3635026F2923CFE000A96002 /* ChallengeViewControllerViewRepresentable.swift in Sources */ = {isa = PBXBuildFile; fileRef = 363502522923CFE000A96002 /* ChallengeViewControllerViewRepresentable.swift */; };
		363502702923CFE000A96002 /* ChallengeViewActionsCollectionView.swift in Sources */ = {isa = PBXBuildFile; fileRef = 363502532923CFE000A96002 /* ChallengeViewActionsCollectionView.swift */; };
		363502712923CFE000A96002 /* ActionSheetCancelActionView.swift in Sources */ = {isa = PBXBuildFile; fileRef = 363502542923CFE000A96002 /* ActionSheetCancelActionView.swift */; };
		363502722923CFE000A96002 /* ChallengeViewBehaviors.swift in Sources */ = {isa = PBXBuildFile; fileRef = 363502552923CFE000A96002 /* ChallengeViewBehaviors.swift */; };
		363502732923CFE000A96002 /* ChallengeViewCollectionViewFlowLayout.swift in Sources */ = {isa = PBXBuildFile; fileRef = 363502562923CFE000A96002 /* ChallengeViewCollectionViewFlowLayout.swift */; };
		363502742923CFE000A96002 /* ActionSheetPrimaryView.swift in Sources */ = {isa = PBXBuildFile; fileRef = 363502572923CFE000A96002 /* ActionSheetPrimaryView.swift */; };
		363502752923CFE000A96002 /* AnimationController.swift in Sources */ = {isa = PBXBuildFile; fileRef = 363502592923CFE000A96002 /* AnimationController.swift */; };
		363502762923CFE000A96002 /* PresentationController.swift in Sources */ = {isa = PBXBuildFile; fileRef = 3635025A2923CFE000A96002 /* PresentationController.swift */; };
		363502772923CFE000A96002 /* Transition.swift in Sources */ = {isa = PBXBuildFile; fileRef = 3635025B2923CFE000A96002 /* Transition.swift */; };
		3645C94E2926278700F1B7D1 /* ChallengeViewControllerRepresentable.swift in Sources */ = {isa = PBXBuildFile; fileRef = 3645C94D2926278700F1B7D1 /* ChallengeViewControllerRepresentable.swift */; };
		365A9B3927FEC8F30091856B /* ALVersionView.swift in Sources */ = {isa = PBXBuildFile; fileRef = 365A9B3827FEC8F30091856B /* ALVersionView.swift */; };
		367F852D26F3846200009ED8 /* ArkoseLabsKit.h in Headers */ = {isa = PBXBuildFile; fileRef = 367F852B26F3846200009ED8 /* ArkoseLabsKit.h */; settings = {ATTRIBUTES = (Public, ); }; };
		367F853426F4453400009ED8 /* AppConstants.swift in Sources */ = {isa = PBXBuildFile; fileRef = 367F853326F4453400009ED8 /* AppConstants.swift */; };
		367F853A26F445C900009ED8 /* ALWebView.swift in Sources */ = {isa = PBXBuildFile; fileRef = 367F853926F445C900009ED8 /* ALWebView.swift */; };
		36C69C6D292B2C8700EF4046 /* ArkoseChallengeView.swift in Sources */ = {isa = PBXBuildFile; fileRef = 36C69C6C292B2C8700EF4046 /* ArkoseChallengeView.swift */; };
		71A3BE7628F9E48100CDEC31 /* Logger.swift in Sources */ = {isa = PBXBuildFile; fileRef = 71A3BE7528F9E48100CDEC31 /* Logger.swift */; };
		71A3BE7928FDFABD00CDEC31 /* ArkoseManager.swift in Sources */ = {isa = PBXBuildFile; fileRef = 71A3BE7828FDFABD00CDEC31 /* ArkoseManager.swift */; };
		71D0B4F0292C15FA0003B4F4 /* ArkoseManagerImpl.swift in Sources */ = {isa = PBXBuildFile; fileRef = 71D0B4EF292C15FA0003B4F4 /* ArkoseManagerImpl.swift */; };
		71D0B4F2292C17FB0003B4F4 /* ArkoseConfig.swift in Sources */ = {isa = PBXBuildFile; fileRef = 71D0B4F1292C17FB0003B4F4 /* ArkoseConfig.swift */; };
		71ED3005292A114400622099 /* MotionManager.swift in Sources */ = {isa = PBXBuildFile; fileRef = 71ED3004292A114400622099 /* MotionManager.swift */; };
		71ED3007292A17F100622099 /* MotionEventListener.swift in Sources */ = {isa = PBXBuildFile; fileRef = 71ED3006292A17F100622099 /* MotionEventListener.swift */; };
		71ED3009292A181500622099 /* SensorEventListener.swift in Sources */ = {isa = PBXBuildFile; fileRef = 71ED3008292A181500622099 /* SensorEventListener.swift */; };
		71ED300B292A193200622099 /* OrientationEventListener.swift in Sources */ = {isa = PBXBuildFile; fileRef = 71ED300A292A193200622099 /* OrientationEventListener.swift */; };
		71ED300D292A9B2300622099 /* MotionDataSerializer.swift in Sources */ = {isa = PBXBuildFile; fileRef = 71ED300C292A9B2300622099 /* MotionDataSerializer.swift */; };
		71ED300F292AA77800622099 /* OrientationDataSerializer.swift in Sources */ = {isa = PBXBuildFile; fileRef = 71ED300E292AA77800622099 /* OrientationDataSerializer.swift */; };
/* End PBXBuildFile section */

/* Begin PBXContainerItemProxy section */
		362A1F2E284DB133004E4E42 /* PBXContainerItemProxy */ = {
			isa = PBXContainerItemProxy;
			containerPortal = 367F851F26F3846200009ED8 /* Project object */;
			proxyType = 1;
			remoteGlobalIDString = 367F852726F3846200009ED8;
			remoteInfo = ArkoseLabsKit;
		};
/* End PBXContainerItemProxy section */

/* Begin PBXFileReference section */
		3628342427BA502900CFF222 /* Fingerprint.swift */ = {isa = PBXFileReference; lastKnownFileType = sourcecode.swift; path = Fingerprint.swift; sourceTree = "<group>"; };
		362A1F29284DB133004E4E42 /* FingerprintUnitTests.xctest */ = {isa = PBXFileReference; explicitFileType = wrapper.cfbundle; includeInIndex = 0; path = FingerprintUnitTests.xctest; sourceTree = BUILT_PRODUCTS_DIR; };
		362A1F2B284DB133004E4E42 /* FingerprintUnitTests.swift */ = {isa = PBXFileReference; lastKnownFileType = sourcecode.swift; path = FingerprintUnitTests.swift; sourceTree = "<group>"; };
		3635023A2923CFE000A96002 /* ChallengeDelegateProtocols.swift */ = {isa = PBXFileReference; fileEncoding = 4; lastKnownFileType = sourcecode.swift; path = ChallengeDelegateProtocols.swift; sourceTree = "<group>"; };
		3635023C2923CFE000A96002 /* ECConstants.swift */ = {isa = PBXFileReference; fileEncoding = 4; lastKnownFileType = sourcecode.swift; path = ECConstants.swift; sourceTree = "<group>"; };
		3635023D2923CFE000A96002 /* ArkoseLabsAPI.html */ = {isa = PBXFileReference; fileEncoding = 4; lastKnownFileType = text.html; path = ArkoseLabsAPI.html; sourceTree = "<group>"; };
		3635023E2923CFE000A96002 /* ChallengeView.swift */ = {isa = PBXFileReference; fileEncoding = 4; lastKnownFileType = sourcecode.swift; path = ChallengeView.swift; sourceTree = "<group>"; };
		363502402923CFE000A96002 /* TextFieldCell.swift */ = {isa = PBXFileReference; fileEncoding = 4; lastKnownFileType = sourcecode.swift; path = TextFieldCell.swift; sourceTree = "<group>"; };
		363502412923CFE000A96002 /* TextFieldsViewController.swift */ = {isa = PBXFileReference; fileEncoding = 4; lastKnownFileType = sourcecode.swift; path = TextFieldsViewController.swift; sourceTree = "<group>"; };
		363502422923CFE000A96002 /* TextFieldCell.xib */ = {isa = PBXFileReference; fileEncoding = 4; lastKnownFileType = file.xib; path = TextFieldCell.xib; sourceTree = "<group>"; };
		363502442923CFE000A96002 /* UIView+Accessibility.swift */ = {isa = PBXFileReference; fileEncoding = 4; lastKnownFileType = sourcecode.swift; path = "UIView+Accessibility.swift"; sourceTree = "<group>"; };
		363502452923CFE000A96002 /* Bundle+Convenience.swift */ = {isa = PBXFileReference; fileEncoding = 4; lastKnownFileType = sourcecode.swift; path = "Bundle+Convenience.swift"; sourceTree = "<group>"; };
		363502462923CFE000A96002 /* UIViewController+Layout.swift */ = {isa = PBXFileReference; fileEncoding = 4; lastKnownFileType = sourcecode.swift; path = "UIViewController+Layout.swift"; sourceTree = "<group>"; };
		363502472923CFE000A96002 /* NSLayoutConstraint+Priority.swift */ = {isa = PBXFileReference; fileEncoding = 4; lastKnownFileType = sourcecode.swift; path = "NSLayoutConstraint+Priority.swift"; sourceTree = "<group>"; };
		363502482923CFE000A96002 /* UIViewController+Extension.swift */ = {isa = PBXFileReference; fileEncoding = 4; lastKnownFileType = sourcecode.swift; path = "UIViewController+Extension.swift"; sourceTree = "<group>"; };
		3635024A2923CFE000A96002 /* ChallengeViewAction.swift */ = {isa = PBXFileReference; fileEncoding = 4; lastKnownFileType = sourcecode.swift; path = ChallengeViewAction.swift; sourceTree = "<group>"; };
		3635024B2923CFE000A96002 /* ChallengeViewActionCell.xib */ = {isa = PBXFileReference; fileEncoding = 4; lastKnownFileType = file.xib; path = ChallengeViewActionCell.xib; sourceTree = "<group>"; };
		3635024C2923CFE000A96002 /* ChallengeViewActionCell.swift */ = {isa = PBXFileReference; fileEncoding = 4; lastKnownFileType = sourcecode.swift; path = ChallengeViewActionCell.swift; sourceTree = "<group>"; };
		3635024D2923CFE000A96002 /* ChallengeWebView.swift */ = {isa = PBXFileReference; fileEncoding = 4; lastKnownFileType = sourcecode.swift; path = ChallengeWebView.swift; sourceTree = "<group>"; };
		3635024E2923CFE000A96002 /* ChallengeViewController.swift */ = {isa = PBXFileReference; fileEncoding = 4; lastKnownFileType = sourcecode.swift; path = ChallengeViewController.swift; sourceTree = "<group>"; };
		3635024F2923CFE000A96002 /* ChallengeSheetView.swift */ = {isa = PBXFileReference; fileEncoding = 4; lastKnownFileType = sourcecode.swift; path = ChallengeSheetView.swift; sourceTree = "<group>"; };
		363502512923CFE000A96002 /* ChallengeViewVisualStyle.swift */ = {isa = PBXFileReference; fileEncoding = 4; lastKnownFileType = sourcecode.swift; path = ChallengeViewVisualStyle.swift; sourceTree = "<group>"; };
		363502522923CFE000A96002 /* ChallengeViewControllerViewRepresentable.swift */ = {isa = PBXFileReference; fileEncoding = 4; lastKnownFileType = sourcecode.swift; path = ChallengeViewControllerViewRepresentable.swift; sourceTree = "<group>"; };
		363502532923CFE000A96002 /* ChallengeViewActionsCollectionView.swift */ = {isa = PBXFileReference; fileEncoding = 4; lastKnownFileType = sourcecode.swift; path = ChallengeViewActionsCollectionView.swift; sourceTree = "<group>"; };
		363502542923CFE000A96002 /* ActionSheetCancelActionView.swift */ = {isa = PBXFileReference; fileEncoding = 4; lastKnownFileType = sourcecode.swift; path = ActionSheetCancelActionView.swift; sourceTree = "<group>"; };
		363502552923CFE000A96002 /* ChallengeViewBehaviors.swift */ = {isa = PBXFileReference; fileEncoding = 4; lastKnownFileType = sourcecode.swift; path = ChallengeViewBehaviors.swift; sourceTree = "<group>"; };
		363502562923CFE000A96002 /* ChallengeViewCollectionViewFlowLayout.swift */ = {isa = PBXFileReference; fileEncoding = 4; lastKnownFileType = sourcecode.swift; path = ChallengeViewCollectionViewFlowLayout.swift; sourceTree = "<group>"; };
		363502572923CFE000A96002 /* ActionSheetPrimaryView.swift */ = {isa = PBXFileReference; fileEncoding = 4; lastKnownFileType = sourcecode.swift; path = ActionSheetPrimaryView.swift; sourceTree = "<group>"; };
		363502592923CFE000A96002 /* AnimationController.swift */ = {isa = PBXFileReference; fileEncoding = 4; lastKnownFileType = sourcecode.swift; path = AnimationController.swift; sourceTree = "<group>"; };
		3635025A2923CFE000A96002 /* PresentationController.swift */ = {isa = PBXFileReference; fileEncoding = 4; lastKnownFileType = sourcecode.swift; path = PresentationController.swift; sourceTree = "<group>"; };
		3635025B2923CFE000A96002 /* Transition.swift */ = {isa = PBXFileReference; fileEncoding = 4; lastKnownFileType = sourcecode.swift; path = Transition.swift; sourceTree = "<group>"; };
		3645C94D2926278700F1B7D1 /* ChallengeViewControllerRepresentable.swift */ = {isa = PBXFileReference; lastKnownFileType = sourcecode.swift; path = ChallengeViewControllerRepresentable.swift; sourceTree = "<group>"; };
		365A9B3827FEC8F30091856B /* ALVersionView.swift */ = {isa = PBXFileReference; lastKnownFileType = sourcecode.swift; path = ALVersionView.swift; sourceTree = "<group>"; };
		367F852826F3846200009ED8 /* ArkoseLabsKit.framework */ = {isa = PBXFileReference; explicitFileType = wrapper.framework; includeInIndex = 0; path = ArkoseLabsKit.framework; sourceTree = BUILT_PRODUCTS_DIR; };
		367F852B26F3846200009ED8 /* ArkoseLabsKit.h */ = {isa = PBXFileReference; lastKnownFileType = sourcecode.c.h; path = ArkoseLabsKit.h; sourceTree = "<group>"; };
		367F852C26F3846200009ED8 /* Info.plist */ = {isa = PBXFileReference; lastKnownFileType = text.plist.xml; path = Info.plist; sourceTree = "<group>"; };
		367F853326F4453400009ED8 /* AppConstants.swift */ = {isa = PBXFileReference; fileEncoding = 4; lastKnownFileType = sourcecode.swift; path = AppConstants.swift; sourceTree = "<group>"; };
		367F853926F445C900009ED8 /* ALWebView.swift */ = {isa = PBXFileReference; fileEncoding = 4; lastKnownFileType = sourcecode.swift; path = ALWebView.swift; sourceTree = "<group>"; };
		36C69C6C292B2C8700EF4046 /* ArkoseChallengeView.swift */ = {isa = PBXFileReference; lastKnownFileType = sourcecode.swift; path = ArkoseChallengeView.swift; sourceTree = "<group>"; };
		71A3BE7528F9E48100CDEC31 /* Logger.swift */ = {isa = PBXFileReference; lastKnownFileType = sourcecode.swift; path = Logger.swift; sourceTree = "<group>"; };
		71A3BE7828FDFABD00CDEC31 /* ArkoseManager.swift */ = {isa = PBXFileReference; lastKnownFileType = sourcecode.swift; path = ArkoseManager.swift; sourceTree = "<group>"; };
		71D0B4EF292C15FA0003B4F4 /* ArkoseManagerImpl.swift */ = {isa = PBXFileReference; lastKnownFileType = sourcecode.swift; path = ArkoseManagerImpl.swift; sourceTree = "<group>"; };
		71D0B4F1292C17FB0003B4F4 /* ArkoseConfig.swift */ = {isa = PBXFileReference; lastKnownFileType = sourcecode.swift; path = ArkoseConfig.swift; sourceTree = "<group>"; };
		71ED3004292A114400622099 /* MotionManager.swift */ = {isa = PBXFileReference; lastKnownFileType = sourcecode.swift; path = MotionManager.swift; sourceTree = "<group>"; };
		71ED3006292A17F100622099 /* MotionEventListener.swift */ = {isa = PBXFileReference; lastKnownFileType = sourcecode.swift; path = MotionEventListener.swift; sourceTree = "<group>"; };
		71ED3008292A181500622099 /* SensorEventListener.swift */ = {isa = PBXFileReference; lastKnownFileType = sourcecode.swift; path = SensorEventListener.swift; sourceTree = "<group>"; };
		71ED300A292A193200622099 /* OrientationEventListener.swift */ = {isa = PBXFileReference; lastKnownFileType = sourcecode.swift; path = OrientationEventListener.swift; sourceTree = "<group>"; };
		71ED300C292A9B2300622099 /* MotionDataSerializer.swift */ = {isa = PBXFileReference; lastKnownFileType = sourcecode.swift; path = MotionDataSerializer.swift; sourceTree = "<group>"; };
		71ED300E292AA77800622099 /* OrientationDataSerializer.swift */ = {isa = PBXFileReference; lastKnownFileType = sourcecode.swift; path = OrientationDataSerializer.swift; sourceTree = "<group>"; };
/* End PBXFileReference section */

/* Begin PBXFrameworksBuildPhase section */
		362A1F26284DB133004E4E42 /* Frameworks */ = {
			isa = PBXFrameworksBuildPhase;
			buildActionMask = 2147483647;
			files = (
				362A1F2D284DB133004E4E42 /* ArkoseLabsKit.framework in Frameworks */,
			);
			runOnlyForDeploymentPostprocessing = 0;
		};
		367F852526F3846200009ED8 /* Frameworks */ = {
			isa = PBXFrameworksBuildPhase;
			buildActionMask = 2147483647;
			files = (
			);
			runOnlyForDeploymentPostprocessing = 0;
		};
/* End PBXFrameworksBuildPhase section */

/* Begin PBXGroup section */
		3628342627BA503500CFF222 /* Internals */ = {
			isa = PBXGroup;
			children = (
				3628342427BA502900CFF222 /* Fingerprint.swift */,
				71D0B4EF292C15FA0003B4F4 /* ArkoseManagerImpl.swift */,
			);
			path = Internals;
			sourceTree = "<group>";
		};
		362A1F2A284DB133004E4E42 /* FingerprintUnitTests */ = {
			isa = PBXGroup;
			children = (
				362A1F2B284DB133004E4E42 /* FingerprintUnitTests.swift */,
			);
			path = FingerprintUnitTests;
			sourceTree = "<group>";
		};
		363502392923CFE000A96002 /* Challenge */ = {
			isa = PBXGroup;
			children = (
				36C69C6B292B2C5300EF4046 /* SwiftUI */,
				3635023F2923CFE000A96002 /* TextField */,
				363502432923CFE000A96002 /* Extensions */,
				363502492923CFE000A96002 /* Action */,
				3635023A2923CFE000A96002 /* ChallengeDelegateProtocols.swift */,
				3635024F2923CFE000A96002 /* ChallengeSheetView.swift */,
				3635023E2923CFE000A96002 /* ChallengeView.swift */,
				3635024E2923CFE000A96002 /* ChallengeViewController.swift */,
				3645C94D2926278700F1B7D1 /* ChallengeViewControllerRepresentable.swift */,
				3635024D2923CFE000A96002 /* ChallengeWebView.swift */,
				363502502923CFE000A96002 /* Views */,
				363502582923CFE000A96002 /* Presentation */,
			);
			path = Challenge;
			sourceTree = "<group>";
		};
		3635023B2923CFE000A96002 /* Resources */ = {
			isa = PBXGroup;
			children = (
				3635023C2923CFE000A96002 /* ECConstants.swift */,
				3635023D2923CFE000A96002 /* ArkoseLabsAPI.html */,
			);
			path = Resources;
			sourceTree = "<group>";
		};
		3635023F2923CFE000A96002 /* TextField */ = {
			isa = PBXGroup;
			children = (
				363502402923CFE000A96002 /* TextFieldCell.swift */,
				363502412923CFE000A96002 /* TextFieldsViewController.swift */,
				363502422923CFE000A96002 /* TextFieldCell.xib */,
			);
			path = TextField;
			sourceTree = "<group>";
		};
		363502432923CFE000A96002 /* Extensions */ = {
			isa = PBXGroup;
			children = (
				363502452923CFE000A96002 /* Bundle+Convenience.swift */,
				363502472923CFE000A96002 /* NSLayoutConstraint+Priority.swift */,
				363502442923CFE000A96002 /* UIView+Accessibility.swift */,
				363502462923CFE000A96002 /* UIViewController+Layout.swift */,
				363502482923CFE000A96002 /* UIViewController+Extension.swift */,
			);
			path = Extensions;
			sourceTree = "<group>";
		};
		363502492923CFE000A96002 /* Action */ = {
			isa = PBXGroup;
			children = (
				3635024A2923CFE000A96002 /* ChallengeViewAction.swift */,
				3635024B2923CFE000A96002 /* ChallengeViewActionCell.xib */,
				3635024C2923CFE000A96002 /* ChallengeViewActionCell.swift */,
			);
			path = Action;
			sourceTree = "<group>";
		};
		363502502923CFE000A96002 /* Views */ = {
			isa = PBXGroup;
			children = (
				363502542923CFE000A96002 /* ActionSheetCancelActionView.swift */,
				363502572923CFE000A96002 /* ActionSheetPrimaryView.swift */,
				363502532923CFE000A96002 /* ChallengeViewActionsCollectionView.swift */,
				363502552923CFE000A96002 /* ChallengeViewBehaviors.swift */,
				363502562923CFE000A96002 /* ChallengeViewCollectionViewFlowLayout.swift */,
				363502522923CFE000A96002 /* ChallengeViewControllerViewRepresentable.swift */,
				363502512923CFE000A96002 /* ChallengeViewVisualStyle.swift */,
			);
			path = Views;
			sourceTree = "<group>";
		};
		363502582923CFE000A96002 /* Presentation */ = {
			isa = PBXGroup;
			children = (
				363502592923CFE000A96002 /* AnimationController.swift */,
				3635025A2923CFE000A96002 /* PresentationController.swift */,
				3635025B2923CFE000A96002 /* Transition.swift */,
			);
			path = Presentation;
			sourceTree = "<group>";
		};
		367F851E26F3846200009ED8 = {
			isa = PBXGroup;
			children = (
				367F852A26F3846200009ED8 /* ArkoseLabsKit */,
				362A1F2A284DB133004E4E42 /* FingerprintUnitTests */,
				367F852926F3846200009ED8 /* Products */,
			);
			sourceTree = "<group>";
		};
		367F852926F3846200009ED8 /* Products */ = {
			isa = PBXGroup;
			children = (
				367F852826F3846200009ED8 /* ArkoseLabsKit.framework */,
				362A1F29284DB133004E4E42 /* FingerprintUnitTests.xctest */,
			);
			name = Products;
			sourceTree = "<group>";
		};
		367F852A26F3846200009ED8 /* ArkoseLabsKit */ = {
			isa = PBXGroup;
			children = (
				363502392923CFE000A96002 /* Challenge */,
				71A3BE7428F9E46E00CDEC31 /* Logging */,
				367F853F26F445FF00009ED8 /* Models */,
				71ED3003292A112D00622099 /* Motion */,
				367F854026F4462900009ED8 /* Views */,
				3635023B2923CFE000A96002 /* Resources */,
				367F852B26F3846200009ED8 /* ArkoseLabsKit.h */,
				367F852C26F3846200009ED8 /* Info.plist */,
				3628342627BA503500CFF222 /* Internals */,
				71A3BE7828FDFABD00CDEC31 /* ArkoseManager.swift */,
				71D0B4F1292C17FB0003B4F4 /* ArkoseConfig.swift */,
			);
			path = ArkoseLabsKit;
			sourceTree = "<group>";
		};
		367F853F26F445FF00009ED8 /* Models */ = {
			isa = PBXGroup;
			children = (
				367F853326F4453400009ED8 /* AppConstants.swift */,
			);
			path = Models;
			sourceTree = "<group>";
		};
		367F854026F4462900009ED8 /* Views */ = {
			isa = PBXGroup;
			children = (
				367F853926F445C900009ED8 /* ALWebView.swift */,
				365A9B3827FEC8F30091856B /* ALVersionView.swift */,
			);
			path = Views;
			sourceTree = "<group>";
		};
		36C69C6B292B2C5300EF4046 /* SwiftUI */ = {
			isa = PBXGroup;
			children = (
				36C69C6C292B2C8700EF4046 /* ArkoseChallengeView.swift */,
			);
			path = SwiftUI;
			sourceTree = "<group>";
		};
		71A3BE7428F9E46E00CDEC31 /* Logging */ = {
			isa = PBXGroup;
			children = (
				71A3BE7528F9E48100CDEC31 /* Logger.swift */,
			);
			path = Logging;
			sourceTree = "<group>";
		};
		71ED3003292A112D00622099 /* Motion */ = {
			isa = PBXGroup;
			children = (
				71ED300C292A9B2300622099 /* MotionDataSerializer.swift */,
				71ED3006292A17F100622099 /* MotionEventListener.swift */,
				71ED3004292A114400622099 /* MotionManager.swift */,
				71ED300E292AA77800622099 /* OrientationDataSerializer.swift */,
				71ED300A292A193200622099 /* OrientationEventListener.swift */,
				71ED3008292A181500622099 /* SensorEventListener.swift */,
			);
			path = Motion;
			sourceTree = "<group>";
		};
/* End PBXGroup section */

/* Begin PBXHeadersBuildPhase section */
		367F852326F3846200009ED8 /* Headers */ = {
			isa = PBXHeadersBuildPhase;
			buildActionMask = 2147483647;
			files = (
				367F852D26F3846200009ED8 /* ArkoseLabsKit.h in Headers */,
			);
			runOnlyForDeploymentPostprocessing = 0;
		};
/* End PBXHeadersBuildPhase section */

/* Begin PBXNativeTarget section */
		362A1F28284DB133004E4E42 /* FingerprintUnitTests */ = {
			isa = PBXNativeTarget;
			buildConfigurationList = 362A1F30284DB133004E4E42 /* Build configuration list for PBXNativeTarget "FingerprintUnitTests" */;
			buildPhases = (
				362A1F25284DB133004E4E42 /* Sources */,
				362A1F26284DB133004E4E42 /* Frameworks */,
				362A1F27284DB133004E4E42 /* Resources */,
			);
			buildRules = (
			);
			dependencies = (
				362A1F2F284DB133004E4E42 /* PBXTargetDependency */,
			);
			name = FingerprintUnitTests;
			productName = FingerprintUnitTests;
			productReference = 362A1F29284DB133004E4E42 /* FingerprintUnitTests.xctest */;
			productType = "com.apple.product-type.bundle.unit-test";
		};
		367F852726F3846200009ED8 /* ArkoseLabsKit */ = {
			isa = PBXNativeTarget;
			buildConfigurationList = 367F853026F3846200009ED8 /* Build configuration list for PBXNativeTarget "ArkoseLabsKit" */;
			buildPhases = (
				367F852326F3846200009ED8 /* Headers */,
				367F852426F3846200009ED8 /* Sources */,
				367F852526F3846200009ED8 /* Frameworks */,
				367F852626F3846200009ED8 /* Resources */,
			);
			buildRules = (
			);
			dependencies = (
			);
			name = ArkoseLabsKit;
			productName = ArkoseLabsKit;
			productReference = 367F852826F3846200009ED8 /* ArkoseLabsKit.framework */;
			productType = "com.apple.product-type.framework";
		};
/* End PBXNativeTarget section */

/* Begin PBXProject section */
		367F851F26F3846200009ED8 /* Project object */ = {
			isa = PBXProject;
			attributes = {
				LastSwiftUpdateCheck = 1330;
				LastUpgradeCheck = 1340;
				TargetAttributes = {
					362A1F28284DB133004E4E42 = {
						CreatedOnToolsVersion = 13.3.1;
					};
					367F852726F3846200009ED8 = {
						CreatedOnToolsVersion = 12.5.1;
						LastSwiftMigration = 1320;
					};
				};
			};
			buildConfigurationList = 367F852226F3846200009ED8 /* Build configuration list for PBXProject "ArkoseLabsKit" */;
			compatibilityVersion = "Xcode 9.3";
			developmentRegion = en;
			hasScannedForEncodings = 0;
			knownRegions = (
				en,
				Base,
			);
			mainGroup = 367F851E26F3846200009ED8;
			productRefGroup = 367F852926F3846200009ED8 /* Products */;
			projectDirPath = "";
			projectRoot = "";
			targets = (
				367F852726F3846200009ED8 /* ArkoseLabsKit */,
				362A1F28284DB133004E4E42 /* FingerprintUnitTests */,
			);
		};
/* End PBXProject section */

/* Begin PBXResourcesBuildPhase section */
		362A1F27284DB133004E4E42 /* Resources */ = {
			isa = PBXResourcesBuildPhase;
			buildActionMask = 2147483647;
			files = (
			);
			runOnlyForDeploymentPostprocessing = 0;
		};
		367F852626F3846200009ED8 /* Resources */ = {
			isa = PBXResourcesBuildPhase;
			buildActionMask = 2147483647;
			files = (
				363502692923CFE000A96002 /* ChallengeViewActionCell.xib in Resources */,
				3635025E2923CFE000A96002 /* ArkoseLabsAPI.html in Resources */,
				363502622923CFE000A96002 /* TextFieldCell.xib in Resources */,
			);
			runOnlyForDeploymentPostprocessing = 0;
		};
/* End PBXResourcesBuildPhase section */

/* Begin PBXSourcesBuildPhase section */
		362A1F25284DB133004E4E42 /* Sources */ = {
			isa = PBXSourcesBuildPhase;
			buildActionMask = 2147483647;
			files = (
				362A1F2C284DB133004E4E42 /* FingerprintUnitTests.swift in Sources */,
			);
			runOnlyForDeploymentPostprocessing = 0;
		};
		367F852426F3846200009ED8 /* Sources */ = {
			isa = PBXSourcesBuildPhase;
			buildActionMask = 2147483647;
			files = (
				71ED3009292A181500622099 /* SensorEventListener.swift in Sources */,
				363502722923CFE000A96002 /* ChallengeViewBehaviors.swift in Sources */,
				3635026A2923CFE000A96002 /* ChallengeViewActionCell.swift in Sources */,
				363502702923CFE000A96002 /* ChallengeViewActionsCollectionView.swift in Sources */,
				363502672923CFE000A96002 /* UIViewController+Extension.swift in Sources */,
				71A3BE7628F9E48100CDEC31 /* Logger.swift in Sources */,
				3635025D2923CFE000A96002 /* ECConstants.swift in Sources */,
				71ED3007292A17F100622099 /* MotionEventListener.swift in Sources */,
				71D0B4F2292C17FB0003B4F4 /* ArkoseConfig.swift in Sources */,
				71ED300F292AA77800622099 /* OrientationDataSerializer.swift in Sources */,
				3635026E2923CFE000A96002 /* ChallengeViewVisualStyle.swift in Sources */,
				363502682923CFE000A96002 /* ChallengeViewAction.swift in Sources */,
				363502752923CFE000A96002 /* AnimationController.swift in Sources */,
				71D0B4F0292C15FA0003B4F4 /* ArkoseManagerImpl.swift in Sources */,
				363502772923CFE000A96002 /* Transition.swift in Sources */,
				363502612923CFE000A96002 /* TextFieldsViewController.swift in Sources */,
				3635026C2923CFE000A96002 /* ChallengeViewController.swift in Sources */,
				365A9B3927FEC8F30091856B /* ALVersionView.swift in Sources */,
				3635025C2923CFE000A96002 /* ChallengeDelegateProtocols.swift in Sources */,
				71A3BE7928FDFABD00CDEC31 /* ArkoseManager.swift in Sources */,
				71ED300B292A193200622099 /* OrientationEventListener.swift in Sources */,
				3635026D2923CFE000A96002 /* ChallengeSheetView.swift in Sources */,
				36C69C6D292B2C8700EF4046 /* ArkoseChallengeView.swift in Sources */,
				71ED3005292A114400622099 /* MotionManager.swift in Sources */,
				3635025F2923CFE000A96002 /* ChallengeView.swift in Sources */,
				363502732923CFE000A96002 /* ChallengeViewCollectionViewFlowLayout.swift in Sources */,
				367F853A26F445C900009ED8 /* ALWebView.swift in Sources */,
				3645C94E2926278700F1B7D1 /* ChallengeViewControllerRepresentable.swift in Sources */,
				367F853426F4453400009ED8 /* AppConstants.swift in Sources */,
				363502712923CFE000A96002 /* ActionSheetCancelActionView.swift in Sources */,
				363502642923CFE000A96002 /* Bundle+Convenience.swift in Sources */,
				3635026F2923CFE000A96002 /* ChallengeViewControllerViewRepresentable.swift in Sources */,
				363502652923CFE000A96002 /* UIViewController+Layout.swift in Sources */,
				363502632923CFE000A96002 /* UIView+Accessibility.swift in Sources */,
				3628342527BA502900CFF222 /* Fingerprint.swift in Sources */,
				363502662923CFE000A96002 /* NSLayoutConstraint+Priority.swift in Sources */,
				363502742923CFE000A96002 /* ActionSheetPrimaryView.swift in Sources */,
				363502602923CFE000A96002 /* TextFieldCell.swift in Sources */,
				3635026B2923CFE000A96002 /* ChallengeWebView.swift in Sources */,
				71ED300D292A9B2300622099 /* MotionDataSerializer.swift in Sources */,
				363502762923CFE000A96002 /* PresentationController.swift in Sources */,
			);
			runOnlyForDeploymentPostprocessing = 0;
		};
/* End PBXSourcesBuildPhase section */

/* Begin PBXTargetDependency section */
		362A1F2F284DB133004E4E42 /* PBXTargetDependency */ = {
			isa = PBXTargetDependency;
			target = 367F852726F3846200009ED8 /* ArkoseLabsKit */;
			targetProxy = 362A1F2E284DB133004E4E42 /* PBXContainerItemProxy */;
		};
/* End PBXTargetDependency section */

/* Begin XCBuildConfiguration section */
		362A1F31284DB133004E4E42 /* Debug */ = {
			isa = XCBuildConfiguration;
			buildSettings = {
				CLANG_CXX_LANGUAGE_STANDARD = "gnu++17";
				CODE_SIGN_STYLE = Automatic;
				CURRENT_PROJECT_VERSION = 1;
				DEVELOPMENT_TEAM = M55U6GVA83;
				GENERATE_INFOPLIST_FILE = YES;
				IPHONEOS_DEPLOYMENT_TARGET = 13.0;
				MARKETING_VERSION = 1.0;
				PRODUCT_BUNDLE_IDENTIFIER = com.arkoselabs.FingerprintUnitTests;
				PRODUCT_NAME = "$(TARGET_NAME)";
				SWIFT_EMIT_LOC_STRINGS = NO;
				SWIFT_VERSION = 5.0;
				TARGETED_DEVICE_FAMILY = "1,2";
			};
			name = Debug;
		};
		362A1F32284DB133004E4E42 /* Release */ = {
			isa = XCBuildConfiguration;
			buildSettings = {
				CLANG_CXX_LANGUAGE_STANDARD = "gnu++17";
				CODE_SIGN_STYLE = Automatic;
				CURRENT_PROJECT_VERSION = 1;
				DEVELOPMENT_TEAM = M55U6GVA83;
				GENERATE_INFOPLIST_FILE = YES;
				IPHONEOS_DEPLOYMENT_TARGET = 13.0;
				MARKETING_VERSION = 1.0;
				PRODUCT_BUNDLE_IDENTIFIER = com.arkoselabs.FingerprintUnitTests;
				PRODUCT_NAME = "$(TARGET_NAME)";
				SWIFT_EMIT_LOC_STRINGS = NO;
				SWIFT_VERSION = 5.0;
				TARGETED_DEVICE_FAMILY = "1,2";
			};
			name = Release;
		};
		367F852E26F3846200009ED8 /* Debug */ = {
			isa = XCBuildConfiguration;
			buildSettings = {
				ALWAYS_SEARCH_USER_PATHS = NO;
				CLANG_ANALYZER_NONNULL = YES;
				CLANG_ANALYZER_NUMBER_OBJECT_CONVERSION = YES_AGGRESSIVE;
				CLANG_CXX_LANGUAGE_STANDARD = "gnu++14";
				CLANG_CXX_LIBRARY = "libc++";
				CLANG_ENABLE_MODULES = YES;
				CLANG_ENABLE_OBJC_ARC = YES;
				CLANG_ENABLE_OBJC_WEAK = YES;
				CLANG_WARN_BLOCK_CAPTURE_AUTORELEASING = YES;
				CLANG_WARN_BOOL_CONVERSION = YES;
				CLANG_WARN_COMMA = YES;
				CLANG_WARN_CONSTANT_CONVERSION = YES;
				CLANG_WARN_DEPRECATED_OBJC_IMPLEMENTATIONS = YES;
				CLANG_WARN_DIRECT_OBJC_ISA_USAGE = YES_ERROR;
				CLANG_WARN_DOCUMENTATION_COMMENTS = YES;
				CLANG_WARN_EMPTY_BODY = YES;
				CLANG_WARN_ENUM_CONVERSION = YES;
				CLANG_WARN_INFINITE_RECURSION = YES;
				CLANG_WARN_INT_CONVERSION = YES;
				CLANG_WARN_NON_LITERAL_NULL_CONVERSION = YES;
				CLANG_WARN_OBJC_IMPLICIT_RETAIN_SELF = YES;
				CLANG_WARN_OBJC_LITERAL_CONVERSION = YES;
				CLANG_WARN_OBJC_ROOT_CLASS = YES_ERROR;
				CLANG_WARN_QUOTED_INCLUDE_IN_FRAMEWORK_HEADER = YES;
				CLANG_WARN_RANGE_LOOP_ANALYSIS = YES;
				CLANG_WARN_STRICT_PROTOTYPES = YES;
				CLANG_WARN_SUSPICIOUS_MOVE = YES;
				CLANG_WARN_UNGUARDED_AVAILABILITY = YES_AGGRESSIVE;
				CLANG_WARN_UNREACHABLE_CODE = YES;
				CLANG_WARN__DUPLICATE_METHOD_MATCH = YES;
				COPY_PHASE_STRIP = NO;
				CURRENT_PROJECT_VERSION = 1;
				DEBUG_INFORMATION_FORMAT = dwarf;
				ENABLE_STRICT_OBJC_MSGSEND = YES;
				ENABLE_TESTABILITY = YES;
				ENABLE_TESTING_SEARCH_PATHS = YES;
				GCC_C_LANGUAGE_STANDARD = gnu11;
				GCC_DYNAMIC_NO_PIC = NO;
				GCC_NO_COMMON_BLOCKS = YES;
				GCC_OPTIMIZATION_LEVEL = 0;
				GCC_PREPROCESSOR_DEFINITIONS = (
					"DEBUG=1",
					"$(inherited)",
					GLES_SILENCE_DEPRECATION,
				);
				GCC_PREPROCESSOR_DEFINITIONS_NOT_USED_IN_PRECOMPS = "";
				GCC_WARN_64_TO_32_BIT_CONVERSION = YES;
				GCC_WARN_ABOUT_RETURN_TYPE = YES_ERROR;
				GCC_WARN_UNDECLARED_SELECTOR = YES;
				GCC_WARN_UNINITIALIZED_AUTOS = YES_AGGRESSIVE;
				GCC_WARN_UNUSED_FUNCTION = YES;
				GCC_WARN_UNUSED_VARIABLE = YES;
				IPHONEOS_DEPLOYMENT_TARGET = 13.0;
				MTL_ENABLE_DEBUG_INFO = INCLUDE_SOURCE;
				MTL_FAST_MATH = YES;
				ONLY_ACTIVE_ARCH = YES;
				SDKROOT = iphoneos;
				SWIFT_ACTIVE_COMPILATION_CONDITIONS = DEBUG;
				SWIFT_OPTIMIZATION_LEVEL = "-Onone";
				VERSIONING_SYSTEM = "apple-generic";
				VERSION_INFO_PREFIX = "";
			};
			name = Debug;
		};
		367F852F26F3846200009ED8 /* Release */ = {
			isa = XCBuildConfiguration;
			buildSettings = {
				ALWAYS_SEARCH_USER_PATHS = NO;
				CLANG_ANALYZER_NONNULL = YES;
				CLANG_ANALYZER_NUMBER_OBJECT_CONVERSION = YES_AGGRESSIVE;
				CLANG_CXX_LANGUAGE_STANDARD = "gnu++14";
				CLANG_CXX_LIBRARY = "libc++";
				CLANG_ENABLE_MODULES = YES;
				CLANG_ENABLE_OBJC_ARC = YES;
				CLANG_ENABLE_OBJC_WEAK = YES;
				CLANG_WARN_BLOCK_CAPTURE_AUTORELEASING = YES;
				CLANG_WARN_BOOL_CONVERSION = YES;
				CLANG_WARN_COMMA = YES;
				CLANG_WARN_CONSTANT_CONVERSION = YES;
				CLANG_WARN_DEPRECATED_OBJC_IMPLEMENTATIONS = YES;
				CLANG_WARN_DIRECT_OBJC_ISA_USAGE = YES_ERROR;
				CLANG_WARN_DOCUMENTATION_COMMENTS = YES;
				CLANG_WARN_EMPTY_BODY = YES;
				CLANG_WARN_ENUM_CONVERSION = YES;
				CLANG_WARN_INFINITE_RECURSION = YES;
				CLANG_WARN_INT_CONVERSION = YES;
				CLANG_WARN_NON_LITERAL_NULL_CONVERSION = YES;
				CLANG_WARN_OBJC_IMPLICIT_RETAIN_SELF = YES;
				CLANG_WARN_OBJC_LITERAL_CONVERSION = YES;
				CLANG_WARN_OBJC_ROOT_CLASS = YES_ERROR;
				CLANG_WARN_QUOTED_INCLUDE_IN_FRAMEWORK_HEADER = YES;
				CLANG_WARN_RANGE_LOOP_ANALYSIS = YES;
				CLANG_WARN_STRICT_PROTOTYPES = YES;
				CLANG_WARN_SUSPICIOUS_MOVE = YES;
				CLANG_WARN_UNGUARDED_AVAILABILITY = YES_AGGRESSIVE;
				CLANG_WARN_UNREACHABLE_CODE = YES;
				CLANG_WARN__DUPLICATE_METHOD_MATCH = YES;
				COPY_PHASE_STRIP = NO;
				CURRENT_PROJECT_VERSION = 1;
				DEBUG_INFORMATION_FORMAT = "dwarf-with-dsym";
				ENABLE_NS_ASSERTIONS = NO;
				ENABLE_STRICT_OBJC_MSGSEND = YES;
				ENABLE_TESTABILITY = YES;
				ENABLE_TESTING_SEARCH_PATHS = YES;
				GCC_C_LANGUAGE_STANDARD = gnu11;
				GCC_NO_COMMON_BLOCKS = YES;
				GCC_PREPROCESSOR_DEFINITIONS = GLES_SILENCE_DEPRECATION;
				GCC_PREPROCESSOR_DEFINITIONS_NOT_USED_IN_PRECOMPS = "";
				GCC_WARN_64_TO_32_BIT_CONVERSION = YES;
				GCC_WARN_ABOUT_RETURN_TYPE = YES_ERROR;
				GCC_WARN_UNDECLARED_SELECTOR = YES;
				GCC_WARN_UNINITIALIZED_AUTOS = YES_AGGRESSIVE;
				GCC_WARN_UNUSED_FUNCTION = YES;
				GCC_WARN_UNUSED_VARIABLE = YES;
				IPHONEOS_DEPLOYMENT_TARGET = 13.0;
				MTL_ENABLE_DEBUG_INFO = NO;
				MTL_FAST_MATH = YES;
				SDKROOT = iphoneos;
				SWIFT_COMPILATION_MODE = wholemodule;
				SWIFT_OPTIMIZATION_LEVEL = "-O";
				VALIDATE_PRODUCT = YES;
				VERSIONING_SYSTEM = "apple-generic";
				VERSION_INFO_PREFIX = "";
			};
			name = Release;
		};
		367F853126F3846200009ED8 /* Debug */ = {
			isa = XCBuildConfiguration;
			buildSettings = {
				BUILD_LIBRARY_FOR_DISTRIBUTION = YES;
				CLANG_ENABLE_MODULES = YES;
				CODE_SIGN_IDENTITY = "";
				CODE_SIGN_STYLE = Automatic;
				CURRENT_PROJECT_VERSION = 2.0.0;
				DEFINES_MODULE = YES;
				DEVELOPMENT_TEAM = M55U6GVA83;
				DYLIB_COMPATIBILITY_VERSION = 1;
				DYLIB_CURRENT_VERSION = 1;
				DYLIB_INSTALL_NAME_BASE = "@rpath";
				ENABLE_BITCODE = NO;
				INFOPLIST_FILE = ArkoseLabsKit/Info.plist;
				INSTALL_PATH = "$(LOCAL_LIBRARY_DIR)/Frameworks";
				IPHONEOS_DEPLOYMENT_TARGET = 13.0;
				LD_RUNPATH_SEARCH_PATHS = (
					"$(inherited)",
					"@executable_path/Frameworks",
					"@loader_path/Frameworks",
				);
				MARKETING_VERSION = 2.0.0;
				PRODUCT_BUNDLE_IDENTIFIER = ArkoseLabs.ArkoseLabsKit;
				PRODUCT_NAME = "$(TARGET_NAME:c99extidentifier)";
				PROVISIONING_PROFILE_SPECIFIER = "";
				SKIP_INSTALL = YES;
				SUPPORTS_MACCATALYST = YES;
				SWIFT_OPTIMIZATION_LEVEL = "-Onone";
				SWIFT_VERSION = 5.0;
				TARGETED_DEVICE_FAMILY = "1,2";
			};
			name = Debug;
		};
		367F853226F3846200009ED8 /* Release */ = {
			isa = XCBuildConfiguration;
			buildSettings = {
				BUILD_LIBRARY_FOR_DISTRIBUTION = YES;
				CLANG_ENABLE_MODULES = YES;
				CODE_SIGN_IDENTITY = "";
				CODE_SIGN_STYLE = Automatic;
				CURRENT_PROJECT_VERSION = 2.0.0;
				DEFINES_MODULE = YES;
				DEVELOPMENT_TEAM = M55U6GVA83;
				DYLIB_COMPATIBILITY_VERSION = 1;
				DYLIB_CURRENT_VERSION = 1;
				DYLIB_INSTALL_NAME_BASE = "@rpath";
				ENABLE_BITCODE = NO;
				ENABLE_TESTABILITY = YES;
				INFOPLIST_FILE = ArkoseLabsKit/Info.plist;
				INSTALL_PATH = "$(LOCAL_LIBRARY_DIR)/Frameworks";
				IPHONEOS_DEPLOYMENT_TARGET = 13.0;
				LD_RUNPATH_SEARCH_PATHS = (
					"$(inherited)",
					"@executable_path/Frameworks",
					"@loader_path/Frameworks",
				);
				MARKETING_VERSION = 2.0.0;
				PRODUCT_BUNDLE_IDENTIFIER = ArkoseLabs.ArkoseLabsKit;
				PRODUCT_NAME = "$(TARGET_NAME:c99extidentifier)";
				PROVISIONING_PROFILE_SPECIFIER = "";
				SKIP_INSTALL = YES;
				SUPPORTS_MACCATALYST = YES;
				SWIFT_VERSION = 5.0;
				TARGETED_DEVICE_FAMILY = "1,2";
			};
			name = Release;
		};
/* End XCBuildConfiguration section */

/* Begin XCConfigurationList section */
		362A1F30284DB133004E4E42 /* Build configuration list for PBXNativeTarget "FingerprintUnitTests" */ = {
			isa = XCConfigurationList;
			buildConfigurations = (
				362A1F31284DB133004E4E42 /* Debug */,
				362A1F32284DB133004E4E42 /* Release */,
			);
			defaultConfigurationIsVisible = 0;
			defaultConfigurationName = Release;
		};
		367F852226F3846200009ED8 /* Build configuration list for PBXProject "ArkoseLabsKit" */ = {
			isa = XCConfigurationList;
			buildConfigurations = (
				367F852E26F3846200009ED8 /* Debug */,
				367F852F26F3846200009ED8 /* Release */,
			);
			defaultConfigurationIsVisible = 0;
			defaultConfigurationName = Release;
		};
		367F853026F3846200009ED8 /* Build configuration list for PBXNativeTarget "ArkoseLabsKit" */ = {
			isa = XCConfigurationList;
			buildConfigurations = (
				367F853126F3846200009ED8 /* Debug */,
				367F853226F3846200009ED8 /* Release */,
			);
			defaultConfigurationIsVisible = 0;
			defaultConfigurationName = Release;
		};
/* End XCConfigurationList section */
	};
	rootObject = 367F851F26F3846200009ED8 /* Project object */;
}
